{
  "name": "cognitive-search-static-web-apps-demo-api",
  "version": "1.0.0",
  "lockfileVersion": 1,
  "requires": true,
  "dependencies": {
    "@azure/functions": {
      "version": "1.2.3",
      "resolved": "https://registry.npmjs.org/@azure/functions/-/functions-1.2.3.tgz",
      "integrity": "sha512-dZITbYPNg6ay6ngcCOjRUh1wDhlFITS0zIkqplyH5KfKEAVPooaoaye5mUFnR+WP9WdGRjlNXyl/y2tgWKHcRg==",
      "dev": true
    },
    "@types/node": {
      "version": "14.14.45",
      "resolved": "https://registry.npmjs.org/@types/node/-/node-14.14.45.tgz",
      "integrity": "sha512-DssMqTV9UnnoxDWu959sDLZzfvqCF0qDNRjaWeYSui9xkFe61kKo4l1TWNTQONpuXEm+gLMRvdlzvNHBamzmEw==",
      "dev": true
    },
    "typescript": {
      "version": "3.9.9",
      "resolved": "https://registry.npmjs.org/typescript/-/typescript-3.9.9.tgz",
      "integrity": "sha512-kdMjTiekY+z/ubJCATUPlRDl39vXYiMV9iyeMuEuXZh2we6zz80uovNN2WlAxmmdE/Z/YQe+EbOEXB5RHEED3w==",
      "dev": true
    }
  }
}
